// !$*UTF8*$!
{
	archiveVersion = 1;
	classes = {
	};
	objectVersion = 46;
	objects = {

/* Begin PBXBuildFile section */
		01F5DED275DD6B7CEEF8BD5F /* libPods.a in Frameworks */ = {isa = PBXBuildFile; fileRef = 685B7A1BE0098BF7920E4106 /* libPods.a */; };
		2403C3E71CFBC7FE0020AA2A /* LBPopoverView.m in Sources */ = {isa = PBXBuildFile; fileRef = 2403C3E61CFBC7FE0020AA2A /* LBPopoverView.m */; };
		24047C0E1CF6C75C000C9549 /* BSVedioView.m in Sources */ = {isa = PBXBuildFile; fileRef = 24047C0D1CF6C75C000C9549 /* BSVedioView.m */; };
		24047C101CF6C772000C9549 /* BSVedioView.xib in Resources */ = {isa = PBXBuildFile; fileRef = 24047C0F1CF6C772000C9549 /* BSVedioView.xib */; };
		2409235F1CED4BAF00863061 /* BSTextTableViewCell.m in Sources */ = {isa = PBXBuildFile; fileRef = 2409235D1CED4BAF00863061 /* BSTextTableViewCell.m */; };
		240923601CED4BAF00863061 /* BSTextTableViewCell.xib in Resources */ = {isa = PBXBuildFile; fileRef = 2409235E1CED4BAF00863061 /* BSTextTableViewCell.xib */; };
		240923631CEDEC4500863061 /* NSDate+LBDate.m in Sources */ = {isa = PBXBuildFile; fileRef = 240923621CEDEC4500863061 /* NSDate+LBDate.m */; };
		240C88481CDF114600CFAE58 /* BSPublishViewController.m in Sources */ = {isa = PBXBuildFile; fileRef = 240C88461CDF114600CFAE58 /* BSPublishViewController.m */; };
		240C88491CDF114600CFAE58 /* BSPublishViewController.xib in Resources */ = {isa = PBXBuildFile; fileRef = 240C88471CDF114600CFAE58 /* BSPublishViewController.xib */; };
		240C884C1CDF43E500CFAE58 /* LBVerticalButton.m in Sources */ = {isa = PBXBuildFile; fileRef = 240C884B1CDF43E500CFAE58 /* LBVerticalButton.m */; };
		2415D02E1CE21BF600A2E55E /* BSMeDataModel.m in Sources */ = {isa = PBXBuildFile; fileRef = 2415D02D1CE21BF600A2E55E /* BSMeDataModel.m */; };
		24250BF51CE748D200182957 /* LBTableFooterView.m in Sources */ = {isa = PBXBuildFile; fileRef = 24250BF41CE748D200182957 /* LBTableFooterView.m */; };
		243200CC1CEC336400B8D45F /* BSTextDataModel.m in Sources */ = {isa = PBXBuildFile; fileRef = 243200CB1CEC336400B8D45F /* BSTextDataModel.m */; };
		24333A931D045FD5003C9C6F /* LBTouchTopWindow.m in Sources */ = {isa = PBXBuildFile; fileRef = 24333A921D045FD5003C9C6F /* LBTouchTopWindow.m */; };
		2436BCEE1D010C3A00104856 /* BSCommentTableViewCell.m in Sources */ = {isa = PBXBuildFile; fileRef = 2436BCEC1D010C3A00104856 /* BSCommentTableViewCell.m */; };
		2436BCEF1D010C3A00104856 /* BSCommentTableViewCell.xib in Resources */ = {isa = PBXBuildFile; fileRef = 2436BCED1D010C3A00104856 /* BSCommentTableViewCell.xib */; };
		244350BC1CD986B0008767FB /* main.m in Sources */ = {isa = PBXBuildFile; fileRef = 244350BB1CD986B0008767FB /* main.m */; };
		244350BF1CD986B0008767FB /* AppDelegate.m in Sources */ = {isa = PBXBuildFile; fileRef = 244350BE1CD986B0008767FB /* AppDelegate.m */; };
		244350C71CD986B0008767FB /* Assets.xcassets in Resources */ = {isa = PBXBuildFile; fileRef = 244350C61CD986B0008767FB /* Assets.xcassets */; };
		244350D51CD986B0008767FB /* ______OCTests.m in Sources */ = {isa = PBXBuildFile; fileRef = 244350D41CD986B0008767FB /* ______OCTests.m */; };
		244350E01CD986B0008767FB /* ______OCUITests.m in Sources */ = {isa = PBXBuildFile; fileRef = 244350DF1CD986B0008767FB /* ______OCUITests.m */; };
		2448FBE81CD99B5E00E49921 /* Foundation+Log.m in Sources */ = {isa = PBXBuildFile; fileRef = 2448FBE71CD99B5E00E49921 /* Foundation+Log.m */; };
		2448FBEC1CD9A13D00E49921 /* BSTitleTableViewCell.m in Sources */ = {isa = PBXBuildFile; fileRef = 2448FBEA1CD9A13D00E49921 /* BSTitleTableViewCell.m */; };
		2448FBED1CD9A13D00E49921 /* BSTitleTableViewCell.xib in Resources */ = {isa = PBXBuildFile; fileRef = 2448FBEB1CD9A13D00E49921 /* BSTitleTableViewCell.xib */; };
		245187821CEEB0200045D810 /* BSBasicTableViewController.m in Sources */ = {isa = PBXBuildFile; fileRef = 245187811CEEB0200045D810 /* BSBasicTableViewController.m */; };
		245187851CEEEB4B0045D810 /* BSConst.m in Sources */ = {isa = PBXBuildFile; fileRef = 245187841CEEEB4B0045D810 /* BSConst.m */; };
		24569FB11CFD8F8A0052AB52 /* BSUserModel.m in Sources */ = {isa = PBXBuildFile; fileRef = 24569FB01CFD8F8A0052AB52 /* BSUserModel.m */; };
		24569FB41CFD927B0052AB52 /* BSCommentModel.m in Sources */ = {isa = PBXBuildFile; fileRef = 24569FB31CFD927B0052AB52 /* BSCommentModel.m */; };
		246487CC1CFC29BB0074B562 /* BSScanQRCodeViewController.m in Sources */ = {isa = PBXBuildFile; fileRef = 246487CA1CFC29BB0074B562 /* BSScanQRCodeViewController.m */; };
		246487CD1CFC29BB0074B562 /* BSScanQRCodeViewController.xib in Resources */ = {isa = PBXBuildFile; fileRef = 246487CB1CFC29BB0074B562 /* BSScanQRCodeViewController.xib */; };
		246BE5771CF94A4000575708 /* BSTextEssenceViewController.m in Sources */ = {isa = PBXBuildFile; fileRef = 246BE5751CF94A4000575708 /* BSTextEssenceViewController.m */; };
		246BE5781CF94A4000575708 /* BSTextEssenceViewController.xib in Resources */ = {isa = PBXBuildFile; fileRef = 246BE5761CF94A4000575708 /* BSTextEssenceViewController.xib */; };
		247197111D06F5020051CE5B /* UIImage+BBBImageCategory.m in Sources */ = {isa = PBXBuildFile; fileRef = 247197101D06F5020051CE5B /* UIImage+BBBImageCategory.m */; };
		247197141D06F8540051CE5B /* BSEssenceALLTableController.m in Sources */ = {isa = PBXBuildFile; fileRef = 247197131D06F8540051CE5B /* BSEssenceALLTableController.m */; };
		247197171D0713EC0051CE5B /* UIImageView+BBBImageViewCategory.m in Sources */ = {isa = PBXBuildFile; fileRef = 247197161D0713EC0051CE5B /* UIImageView+BBBImageViewCategory.m */; };
		247F23F41CDB73A2009A6595 /* BSLoginViewController.m in Sources */ = {isa = PBXBuildFile; fileRef = 247F23F21CDB73A2009A6595 /* BSLoginViewController.m */; };
		247F23F51CDB73A2009A6595 /* BSLoginViewController.xib in Resources */ = {isa = PBXBuildFile; fileRef = 247F23F31CDB73A2009A6595 /* BSLoginViewController.xib */; };
		2495CC551CE6EAEC0012BE94 /* LBSquareButton.m in Sources */ = {isa = PBXBuildFile; fileRef = 2495CC541CE6EAEC0012BE94 /* LBSquareButton.m */; };
		249C59A11CFEA13A007A1330 /* BSCommentViewController.m in Sources */ = {isa = PBXBuildFile; fileRef = 249C599F1CFEA13A007A1330 /* BSCommentViewController.m */; };
		249C59A21CFEA13A007A1330 /* BSCommentViewController.xib in Resources */ = {isa = PBXBuildFile; fileRef = 249C59A01CFEA13A007A1330 /* BSCommentViewController.xib */; };
		24AF42181CE865C000839629 /* BSMeWebVViewController.m in Sources */ = {isa = PBXBuildFile; fileRef = 24AF42161CE865C000839629 /* BSMeWebVViewController.m */; };
		24AF42191CE865C000839629 /* BSMeWebVViewController.xib in Resources */ = {isa = PBXBuildFile; fileRef = 24AF42171CE865C000839629 /* BSMeWebVViewController.xib */; };
		24CAA6A51CD98CC6005AD776 /* BSAttentionViewController.m in Sources */ = {isa = PBXBuildFile; fileRef = 24CAA6781CD98CC6005AD776 /* BSAttentionViewController.m */; };
		24CAA6A61CD98CC6005AD776 /* BSAttentionViewController.xib in Resources */ = {isa = PBXBuildFile; fileRef = 24CAA6791CD98CC6005AD776 /* BSAttentionViewController.xib */; };
		24CAA6A71CD98CC6005AD776 /* BSRecommendViewController.m in Sources */ = {isa = PBXBuildFile; fileRef = 24CAA67B1CD98CC6005AD776 /* BSRecommendViewController.m */; };
		24CAA6A81CD98CC6005AD776 /* BSRecommendViewController.xib in Resources */ = {isa = PBXBuildFile; fileRef = 24CAA67C1CD98CC6005AD776 /* BSRecommendViewController.xib */; };
		24CAA6A91CD98CC6005AD776 /* BSCategoryModel.m in Sources */ = {isa = PBXBuildFile; fileRef = 24CAA6801CD98CC6005AD776 /* BSCategoryModel.m */; };
		24CAA6AA1CD98CC6005AD776 /* BSEssenceViewController.m in Sources */ = {isa = PBXBuildFile; fileRef = 24CAA6841CD98CC6005AD776 /* BSEssenceViewController.m */; };
		24CAA6AB1CD98CC6005AD776 /* BSMeViewController.m in Sources */ = {isa = PBXBuildFile; fileRef = 24CAA68A1CD98CC6005AD776 /* BSMeViewController.m */; };
		24CAA6AC1CD98CC6005AD776 /* BSNewViewController.m in Sources */ = {isa = PBXBuildFile; fileRef = 24CAA6901CD98CC6005AD776 /* BSNewViewController.m */; };
		24CAA6AD1CD98CC6005AD776 /* UIBarButtonItem+LBButtonToBarButtonItem.m in Sources */ = {isa = PBXBuildFile; fileRef = 24CAA6961CD98CC6005AD776 /* UIBarButtonItem+LBButtonToBarButtonItem.m */; };
		24CAA6AE1CD98CC6005AD776 /* UIView+LBFrameExtension.m in Sources */ = {isa = PBXBuildFile; fileRef = 24CAA6981CD98CC6005AD776 /* UIView+LBFrameExtension.m */; };
		24CAA6AF1CD98CC6005AD776 /* BSNavigationController.m in Sources */ = {isa = PBXBuildFile; fileRef = 24CAA69B1CD98CC6005AD776 /* BSNavigationController.m */; };
		24CAA6B01CD98CC6005AD776 /* BSTabBarController.m in Sources */ = {isa = PBXBuildFile; fileRef = 24CAA69D1CD98CC6005AD776 /* BSTabBarController.m */; };
		24CAA6B21CD98CC6005AD776 /* BSTabBar.m in Sources */ = {isa = PBXBuildFile; fileRef = 24CAA6A41CD98CC6005AD776 /* BSTabBar.m */; };
		24CFF4431CF54B030005B1D6 /* LBProgressView.m in Sources */ = {isa = PBXBuildFile; fileRef = 24CFF4421CF54B030005B1D6 /* LBProgressView.m */; };
		24CFF4471CF5690F0005B1D6 /* BSPictureFullScreenViewController.m in Sources */ = {isa = PBXBuildFile; fileRef = 24CFF4451CF5690F0005B1D6 /* BSPictureFullScreenViewController.m */; };
		24CFF4481CF5690F0005B1D6 /* BSPictureFullScreenViewController.xib in Resources */ = {isa = PBXBuildFile; fileRef = 24CFF4461CF5690F0005B1D6 /* BSPictureFullScreenViewController.xib */; };
		24DA7B101CF176B6004EC3FE /* BSPictureCellView.m in Sources */ = {isa = PBXBuildFile; fileRef = 24DA7B0F1CF176B6004EC3FE /* BSPictureCellView.m */; };
		24DA7B121CF176C5004EC3FE /* BSPictureCellView.xib in Resources */ = {isa = PBXBuildFile; fileRef = 24DA7B111CF176C5004EC3FE /* BSPictureCellView.xib */; };
		24E0CF4D1CF5DD9900931BC3 /* BSVoiceView.m in Sources */ = {isa = PBXBuildFile; fileRef = 24E0CF4C1CF5DD9900931BC3 /* BSVoiceView.m */; };
		24E0CF4F1CF5DDAC00931BC3 /* BSVoiceView.xib in Resources */ = {isa = PBXBuildFile; fileRef = 24E0CF4E1CF5DDAC00931BC3 /* BSVoiceView.xib */; };
		24E31CFC1CDCDEC000A42C26 /* BSSettingGuideView.m in Sources */ = {isa = PBXBuildFile; fileRef = 24E31CFB1CDCDEC000A42C26 /* BSSettingGuideView.m */; };
		24E31CFE1CDCDF0200A42C26 /* BSSettingGuideView.xib in Resources */ = {isa = PBXBuildFile; fileRef = 24E31CFD1CDCDF0200A42C26 /* BSSettingGuideView.xib */; };
/* End PBXBuildFile section */

/* Begin PBXContainerItemProxy section */
		244350D11CD986B0008767FB /* PBXContainerItemProxy */ = {
			isa = PBXContainerItemProxy;
			containerPortal = 244350AF1CD986B0008767FB /* Project object */;
			proxyType = 1;
			remoteGlobalIDString = 244350B61CD986B0008767FB;
			remoteInfo = "仿百思不得姐OC";
		};
		244350DC1CD986B0008767FB /* PBXContainerItemProxy */ = {
			isa = PBXContainerItemProxy;
			containerPortal = 244350AF1CD986B0008767FB /* Project object */;
			proxyType = 1;
			remoteGlobalIDString = 244350B61CD986B0008767FB;
			remoteInfo = "仿百思不得姐OC";
		};
/* End PBXContainerItemProxy section */

/* Begin PBXFileReference section */
		2403C3E51CFBC7FE0020AA2A /* LBPopoverView.h */ = {isa = PBXFileReference; fileEncoding = 4; lastKnownFileType = sourcecode.c.h; path = LBPopoverView.h; sourceTree = "<group>"; };
		2403C3E61CFBC7FE0020AA2A /* LBPopoverView.m */ = {isa = PBXFileReference; fileEncoding = 4; lastKnownFileType = sourcecode.c.objc; path = LBPopoverView.m; sourceTree = "<group>"; };
		24047C0C1CF6C75C000C9549 /* BSVedioView.h */ = {isa = PBXFileReference; fileEncoding = 4; lastKnownFileType = sourcecode.c.h; path = BSVedioView.h; sourceTree = "<group>"; };
		24047C0D1CF6C75C000C9549 /* BSVedioView.m */ = {isa = PBXFileReference; fileEncoding = 4; lastKnownFileType = sourcecode.c.objc; path = BSVedioView.m; sourceTree = "<group>"; };
		24047C0F1CF6C772000C9549 /* BSVedioView.xib */ = {isa = PBXFileReference; fileEncoding = 4; lastKnownFileType = file.xib; path = BSVedioView.xib; sourceTree = "<group>"; };
		2409235C1CED4BAF00863061 /* BSTextTableViewCell.h */ = {isa = PBXFileReference; fileEncoding = 4; lastKnownFileType = sourcecode.c.h; path = BSTextTableViewCell.h; sourceTree = "<group>"; };
		2409235D1CED4BAF00863061 /* BSTextTableViewCell.m */ = {isa = PBXFileReference; fileEncoding = 4; lastKnownFileType = sourcecode.c.objc; path = BSTextTableViewCell.m; sourceTree = "<group>"; };
		2409235E1CED4BAF00863061 /* BSTextTableViewCell.xib */ = {isa = PBXFileReference; fileEncoding = 4; lastKnownFileType = file.xib; path = BSTextTableViewCell.xib; sourceTree = "<group>"; };
		240923611CEDEC4500863061 /* NSDate+LBDate.h */ = {isa = PBXFileReference; fileEncoding = 4; lastKnownFileType = sourcecode.c.h; path = "NSDate+LBDate.h"; sourceTree = "<group>"; };
		240923621CEDEC4500863061 /* NSDate+LBDate.m */ = {isa = PBXFileReference; fileEncoding = 4; lastKnownFileType = sourcecode.c.objc; path = "NSDate+LBDate.m"; sourceTree = "<group>"; };
		240C88451CDF114600CFAE58 /* BSPublishViewController.h */ = {isa = PBXFileReference; fileEncoding = 4; lastKnownFileType = sourcecode.c.h; path = BSPublishViewController.h; sourceTree = "<group>"; };
		240C88461CDF114600CFAE58 /* BSPublishViewController.m */ = {isa = PBXFileReference; fileEncoding = 4; lastKnownFileType = sourcecode.c.objc; path = BSPublishViewController.m; sourceTree = "<group>"; };
		240C88471CDF114600CFAE58 /* BSPublishViewController.xib */ = {isa = PBXFileReference; fileEncoding = 4; lastKnownFileType = file.xib; path = BSPublishViewController.xib; sourceTree = "<group>"; };
		240C884A1CDF43E500CFAE58 /* LBVerticalButton.h */ = {isa = PBXFileReference; fileEncoding = 4; lastKnownFileType = sourcecode.c.h; path = LBVerticalButton.h; sourceTree = "<group>"; };
		240C884B1CDF43E500CFAE58 /* LBVerticalButton.m */ = {isa = PBXFileReference; fileEncoding = 4; lastKnownFileType = sourcecode.c.objc; path = LBVerticalButton.m; sourceTree = "<group>"; };
		2415D02C1CE21BF600A2E55E /* BSMeDataModel.h */ = {isa = PBXFileReference; fileEncoding = 4; lastKnownFileType = sourcecode.c.h; path = BSMeDataModel.h; sourceTree = "<group>"; };
		2415D02D1CE21BF600A2E55E /* BSMeDataModel.m */ = {isa = PBXFileReference; fileEncoding = 4; lastKnownFileType = sourcecode.c.objc; path = BSMeDataModel.m; sourceTree = "<group>"; };
		24250BF31CE748D200182957 /* LBTableFooterView.h */ = {isa = PBXFileReference; fileEncoding = 4; lastKnownFileType = sourcecode.c.h; path = LBTableFooterView.h; sourceTree = "<group>"; };
		24250BF41CE748D200182957 /* LBTableFooterView.m */ = {isa = PBXFileReference; fileEncoding = 4; lastKnownFileType = sourcecode.c.objc; path = LBTableFooterView.m; sourceTree = "<group>"; };
		243200CA1CEC336400B8D45F /* BSTextDataModel.h */ = {isa = PBXFileReference; fileEncoding = 4; lastKnownFileType = sourcecode.c.h; name = BSTextDataModel.h; path = ../View/BSTextDataModel.h; sourceTree = "<group>"; };
		243200CB1CEC336400B8D45F /* BSTextDataModel.m */ = {isa = PBXFileReference; fileEncoding = 4; lastKnownFileType = sourcecode.c.objc; name = BSTextDataModel.m; path = ../View/BSTextDataModel.m; sourceTree = "<group>"; };
		24333A911D045FD5003C9C6F /* LBTouchTopWindow.h */ = {isa = PBXFileReference; fileEncoding = 4; lastKnownFileType = sourcecode.c.h; path = LBTouchTopWindow.h; sourceTree = "<group>"; };
		24333A921D045FD5003C9C6F /* LBTouchTopWindow.m */ = {isa = PBXFileReference; fileEncoding = 4; lastKnownFileType = sourcecode.c.objc; path = LBTouchTopWindow.m; sourceTree = "<group>"; };
		2436BCEB1D010C3A00104856 /* BSCommentTableViewCell.h */ = {isa = PBXFileReference; fileEncoding = 4; lastKnownFileType = sourcecode.c.h; path = BSCommentTableViewCell.h; sourceTree = "<group>"; };
		2436BCEC1D010C3A00104856 /* BSCommentTableViewCell.m */ = {isa = PBXFileReference; fileEncoding = 4; lastKnownFileType = sourcecode.c.objc; path = BSCommentTableViewCell.m; sourceTree = "<group>"; };
		2436BCED1D010C3A00104856 /* BSCommentTableViewCell.xib */ = {isa = PBXFileReference; fileEncoding = 4; lastKnownFileType = file.xib; path = BSCommentTableViewCell.xib; sourceTree = "<group>"; };
		244350B71CD986B0008767FB /* 仿百思不得姐OC.app */ = {isa = PBXFileReference; explicitFileType = wrapper.application; includeInIndex = 0; path = "仿百思不得姐OC.app"; sourceTree = BUILT_PRODUCTS_DIR; };
		244350BB1CD986B0008767FB /* main.m */ = {isa = PBXFileReference; lastKnownFileType = sourcecode.c.objc; path = main.m; sourceTree = "<group>"; };
		244350BD1CD986B0008767FB /* AppDelegate.h */ = {isa = PBXFileReference; lastKnownFileType = sourcecode.c.h; name = AppDelegate.h; path = ../AppDelegate.h; sourceTree = "<group>"; };
		244350BE1CD986B0008767FB /* AppDelegate.m */ = {isa = PBXFileReference; lastKnownFileType = sourcecode.c.objc; name = AppDelegate.m; path = ../AppDelegate.m; sourceTree = "<group>"; };
		244350C61CD986B0008767FB /* Assets.xcassets */ = {isa = PBXFileReference; lastKnownFileType = folder.assetcatalog; path = Assets.xcassets; sourceTree = "<group>"; };
		244350CB1CD986B0008767FB /* Info.plist */ = {isa = PBXFileReference; lastKnownFileType = text.plist.xml; path = Info.plist; sourceTree = "<group>"; };
		244350D01CD986B0008767FB /* 仿百思不得姐OCTests.xctest */ = {isa = PBXFileReference; explicitFileType = wrapper.cfbundle; includeInIndex = 0; path = "仿百思不得姐OCTests.xctest"; sourceTree = BUILT_PRODUCTS_DIR; };
		244350D41CD986B0008767FB /* ______OCTests.m */ = {isa = PBXFileReference; lastKnownFileType = sourcecode.c.objc; path = "______OCTests.m"; sourceTree = "<group>"; };
		244350D61CD986B0008767FB /* Info.plist */ = {isa = PBXFileReference; lastKnownFileType = text.plist.xml; path = Info.plist; sourceTree = "<group>"; };
		244350DB1CD986B0008767FB /* 仿百思不得姐OCUITests.xctest */ = {isa = PBXFileReference; explicitFileType = wrapper.cfbundle; includeInIndex = 0; path = "仿百思不得姐OCUITests.xctest"; sourceTree = BUILT_PRODUCTS_DIR; };
		244350DF1CD986B0008767FB /* ______OCUITests.m */ = {isa = PBXFileReference; lastKnownFileType = sourcecode.c.objc; path = "______OCUITests.m"; sourceTree = "<group>"; };
		244350E11CD986B1008767FB /* Info.plist */ = {isa = PBXFileReference; lastKnownFileType = text.plist.xml; path = Info.plist; sourceTree = "<group>"; };
		2448FBE71CD99B5E00E49921 /* Foundation+Log.m */ = {isa = PBXFileReference; fileEncoding = 4; lastKnownFileType = sourcecode.c.objc; path = "Foundation+Log.m"; sourceTree = "<group>"; };
		2448FBE91CD9A13D00E49921 /* BSTitleTableViewCell.h */ = {isa = PBXFileReference; fileEncoding = 4; lastKnownFileType = sourcecode.c.h; path = BSTitleTableViewCell.h; sourceTree = "<group>"; };
		2448FBEA1CD9A13D00E49921 /* BSTitleTableViewCell.m */ = {isa = PBXFileReference; fileEncoding = 4; lastKnownFileType = sourcecode.c.objc; path = BSTitleTableViewCell.m; sourceTree = "<group>"; };
		2448FBEB1CD9A13D00E49921 /* BSTitleTableViewCell.xib */ = {isa = PBXFileReference; fileEncoding = 4; lastKnownFileType = file.xib; path = BSTitleTableViewCell.xib; sourceTree = "<group>"; };
		245187801CEEB0200045D810 /* BSBasicTableViewController.h */ = {isa = PBXFileReference; fileEncoding = 4; lastKnownFileType = sourcecode.c.h; path = BSBasicTableViewController.h; sourceTree = "<group>"; };
		245187811CEEB0200045D810 /* BSBasicTableViewController.m */ = {isa = PBXFileReference; fileEncoding = 4; lastKnownFileType = sourcecode.c.objc; path = BSBasicTableViewController.m; sourceTree = "<group>"; };
		245187831CEEEB4B0045D810 /* BSConst.h */ = {isa = PBXFileReference; fileEncoding = 4; lastKnownFileType = sourcecode.c.h; name = BSConst.h; path = "Other-其他/Other/BSConst.h"; sourceTree = "<group>"; };
		245187841CEEEB4B0045D810 /* BSConst.m */ = {isa = PBXFileReference; fileEncoding = 4; lastKnownFileType = sourcecode.c.objc; name = BSConst.m; path = "Other-其他/Other/BSConst.m"; sourceTree = "<group>"; };
		24569FAF1CFD8F8A0052AB52 /* BSUserModel.h */ = {isa = PBXFileReference; fileEncoding = 4; lastKnownFileType = sourcecode.c.h; path = BSUserModel.h; sourceTree = "<group>"; };
		24569FB01CFD8F8A0052AB52 /* BSUserModel.m */ = {isa = PBXFileReference; fileEncoding = 4; lastKnownFileType = sourcecode.c.objc; path = BSUserModel.m; sourceTree = "<group>"; };
		24569FB21CFD927B0052AB52 /* BSCommentModel.h */ = {isa = PBXFileReference; fileEncoding = 4; lastKnownFileType = sourcecode.c.h; path = BSCommentModel.h; sourceTree = "<group>"; };
		24569FB31CFD927B0052AB52 /* BSCommentModel.m */ = {isa = PBXFileReference; fileEncoding = 4; lastKnownFileType = sourcecode.c.objc; path = BSCommentModel.m; sourceTree = "<group>"; };
		246487C91CFC29BB0074B562 /* BSScanQRCodeViewController.h */ = {isa = PBXFileReference; fileEncoding = 4; lastKnownFileType = sourcecode.c.h; path = BSScanQRCodeViewController.h; sourceTree = "<group>"; };
		246487CA1CFC29BB0074B562 /* BSScanQRCodeViewController.m */ = {isa = PBXFileReference; fileEncoding = 4; lastKnownFileType = sourcecode.c.objc; path = BSScanQRCodeViewController.m; sourceTree = "<group>"; };
		246487CB1CFC29BB0074B562 /* BSScanQRCodeViewController.xib */ = {isa = PBXFileReference; fileEncoding = 4; lastKnownFileType = file.xib; path = BSScanQRCodeViewController.xib; sourceTree = "<group>"; };
		246BE5741CF94A4000575708 /* BSTextEssenceViewController.h */ = {isa = PBXFileReference; fileEncoding = 4; lastKnownFileType = sourcecode.c.h; path = BSTextEssenceViewController.h; sourceTree = "<group>"; };
		246BE5751CF94A4000575708 /* BSTextEssenceViewController.m */ = {isa = PBXFileReference; fileEncoding = 4; lastKnownFileType = sourcecode.c.objc; path = BSTextEssenceViewController.m; sourceTree = "<group>"; };
		246BE5761CF94A4000575708 /* BSTextEssenceViewController.xib */ = {isa = PBXFileReference; fileEncoding = 4; lastKnownFileType = file.xib; path = BSTextEssenceViewController.xib; sourceTree = "<group>"; };
		2471970F1D06F5020051CE5B /* UIImage+BBBImageCategory.h */ = {isa = PBXFileReference; fileEncoding = 4; lastKnownFileType = sourcecode.c.h; path = "UIImage+BBBImageCategory.h"; sourceTree = "<group>"; };
		247197101D06F5020051CE5B /* UIImage+BBBImageCategory.m */ = {isa = PBXFileReference; fileEncoding = 4; lastKnownFileType = sourcecode.c.objc; path = "UIImage+BBBImageCategory.m"; sourceTree = "<group>"; };
		247197121D06F8540051CE5B /* BSEssenceALLTableController.h */ = {isa = PBXFileReference; fileEncoding = 4; lastKnownFileType = sourcecode.c.h; path = BSEssenceALLTableController.h; sourceTree = "<group>"; };
		247197131D06F8540051CE5B /* BSEssenceALLTableController.m */ = {isa = PBXFileReference; fileEncoding = 4; lastKnownFileType = sourcecode.c.objc; path = BSEssenceALLTableController.m; sourceTree = "<group>"; };
		247197151D0713EC0051CE5B /* UIImageView+BBBImageViewCategory.h */ = {isa = PBXFileReference; fileEncoding = 4; lastKnownFileType = sourcecode.c.h; path = "UIImageView+BBBImageViewCategory.h"; sourceTree = "<group>"; };
		247197161D0713EC0051CE5B /* UIImageView+BBBImageViewCategory.m */ = {isa = PBXFileReference; fileEncoding = 4; lastKnownFileType = sourcecode.c.objc; path = "UIImageView+BBBImageViewCategory.m"; sourceTree = "<group>"; };
		247F23F11CDB73A2009A6595 /* BSLoginViewController.h */ = {isa = PBXFileReference; fileEncoding = 4; lastKnownFileType = sourcecode.c.h; path = BSLoginViewController.h; sourceTree = "<group>"; };
		247F23F21CDB73A2009A6595 /* BSLoginViewController.m */ = {isa = PBXFileReference; fileEncoding = 4; lastKnownFileType = sourcecode.c.objc; path = BSLoginViewController.m; sourceTree = "<group>"; };
		247F23F31CDB73A2009A6595 /* BSLoginViewController.xib */ = {isa = PBXFileReference; fileEncoding = 4; lastKnownFileType = file.xib; path = BSLoginViewController.xib; sourceTree = "<group>"; };
		2495CC531CE6EAEC0012BE94 /* LBSquareButton.h */ = {isa = PBXFileReference; fileEncoding = 4; lastKnownFileType = sourcecode.c.h; path = LBSquareButton.h; sourceTree = "<group>"; };
		2495CC541CE6EAEC0012BE94 /* LBSquareButton.m */ = {isa = PBXFileReference; fileEncoding = 4; lastKnownFileType = sourcecode.c.objc; path = LBSquareButton.m; sourceTree = "<group>"; };
		249C599E1CFEA13A007A1330 /* BSCommentViewController.h */ = {isa = PBXFileReference; fileEncoding = 4; lastKnownFileType = sourcecode.c.h; path = BSCommentViewController.h; sourceTree = "<group>"; };
		249C599F1CFEA13A007A1330 /* BSCommentViewController.m */ = {isa = PBXFileReference; fileEncoding = 4; lastKnownFileType = sourcecode.c.objc; path = BSCommentViewController.m; sourceTree = "<group>"; };
		249C59A01CFEA13A007A1330 /* BSCommentViewController.xib */ = {isa = PBXFileReference; fileEncoding = 4; lastKnownFileType = file.xib; path = BSCommentViewController.xib; sourceTree = "<group>"; };
		24AF42151CE865C000839629 /* BSMeWebVViewController.h */ = {isa = PBXFileReference; fileEncoding = 4; lastKnownFileType = sourcecode.c.h; path = BSMeWebVViewController.h; sourceTree = "<group>"; };
		24AF42161CE865C000839629 /* BSMeWebVViewController.m */ = {isa = PBXFileReference; fileEncoding = 4; lastKnownFileType = sourcecode.c.objc; path = BSMeWebVViewController.m; sourceTree = "<group>"; };
		24AF42171CE865C000839629 /* BSMeWebVViewController.xib */ = {isa = PBXFileReference; fileEncoding = 4; lastKnownFileType = file.xib; path = BSMeWebVViewController.xib; sourceTree = "<group>"; };
		24CAA6771CD98CC6005AD776 /* BSAttentionViewController.h */ = {isa = PBXFileReference; fileEncoding = 4; lastKnownFileType = sourcecode.c.h; path = BSAttentionViewController.h; sourceTree = "<group>"; };
		24CAA6781CD98CC6005AD776 /* BSAttentionViewController.m */ = {isa = PBXFileReference; fileEncoding = 4; lastKnownFileType = sourcecode.c.objc; path = BSAttentionViewController.m; sourceTree = "<group>"; };
		24CAA6791CD98CC6005AD776 /* BSAttentionViewController.xib */ = {isa = PBXFileReference; fileEncoding = 4; lastKnownFileType = file.xib; path = BSAttentionViewController.xib; sourceTree = "<group>"; };
		24CAA67A1CD98CC6005AD776 /* BSRecommendViewController.h */ = {isa = PBXFileReference; fileEncoding = 4; lastKnownFileType = sourcecode.c.h; path = BSRecommendViewController.h; sourceTree = "<group>"; };
		24CAA67B1CD98CC6005AD776 /* BSRecommendViewController.m */ = {isa = PBXFileReference; fileEncoding = 4; lastKnownFileType = sourcecode.c.objc; path = BSRecommendViewController.m; sourceTree = "<group>"; };
		24CAA67C1CD98CC6005AD776 /* BSRecommendViewController.xib */ = {isa = PBXFileReference; fileEncoding = 4; lastKnownFileType = file.xib; path = BSRecommendViewController.xib; sourceTree = "<group>"; };
		24CAA67F1CD98CC6005AD776 /* BSCategoryModel.h */ = {isa = PBXFileReference; fileEncoding = 4; lastKnownFileType = sourcecode.c.h; name = BSCategoryModel.h; path = ../View/BSCategoryModel.h; sourceTree = "<group>"; };
		24CAA6801CD98CC6005AD776 /* BSCategoryModel.m */ = {isa = PBXFileReference; fileEncoding = 4; lastKnownFileType = sourcecode.c.objc; name = BSCategoryModel.m; path = ../View/BSCategoryModel.m; sourceTree = "<group>"; };
		24CAA6831CD98CC6005AD776 /* BSEssenceViewController.h */ = {isa = PBXFileReference; fileEncoding = 4; lastKnownFileType = sourcecode.c.h; path = BSEssenceViewController.h; sourceTree = "<group>"; };
		24CAA6841CD98CC6005AD776 /* BSEssenceViewController.m */ = {isa = PBXFileReference; fileEncoding = 4; lastKnownFileType = sourcecode.c.objc; path = BSEssenceViewController.m; sourceTree = "<group>"; };
		24CAA6891CD98CC6005AD776 /* BSMeViewController.h */ = {isa = PBXFileReference; fileEncoding = 4; lastKnownFileType = sourcecode.c.h; path = BSMeViewController.h; sourceTree = "<group>"; };
		24CAA68A1CD98CC6005AD776 /* BSMeViewController.m */ = {isa = PBXFileReference; fileEncoding = 4; lastKnownFileType = sourcecode.c.objc; path = BSMeViewController.m; sourceTree = "<group>"; };
		24CAA68F1CD98CC6005AD776 /* BSNewViewController.h */ = {isa = PBXFileReference; fileEncoding = 4; lastKnownFileType = sourcecode.c.h; path = BSNewViewController.h; sourceTree = "<group>"; };
		24CAA6901CD98CC6005AD776 /* BSNewViewController.m */ = {isa = PBXFileReference; fileEncoding = 4; lastKnownFileType = sourcecode.c.objc; path = BSNewViewController.m; sourceTree = "<group>"; };
		24CAA6951CD98CC6005AD776 /* UIBarButtonItem+LBButtonToBarButtonItem.h */ = {isa = PBXFileReference; fileEncoding = 4; lastKnownFileType = sourcecode.c.h; path = "UIBarButtonItem+LBButtonToBarButtonItem.h"; sourceTree = "<group>"; };
		24CAA6961CD98CC6005AD776 /* UIBarButtonItem+LBButtonToBarButtonItem.m */ = {isa = PBXFileReference; fileEncoding = 4; lastKnownFileType = sourcecode.c.objc; path = "UIBarButtonItem+LBButtonToBarButtonItem.m"; sourceTree = "<group>"; };
		24CAA6971CD98CC6005AD776 /* UIView+LBFrameExtension.h */ = {isa = PBXFileReference; fileEncoding = 4; lastKnownFileType = sourcecode.c.h; path = "UIView+LBFrameExtension.h"; sourceTree = "<group>"; };
		24CAA6981CD98CC6005AD776 /* UIView+LBFrameExtension.m */ = {isa = PBXFileReference; fileEncoding = 4; lastKnownFileType = sourcecode.c.objc; path = "UIView+LBFrameExtension.m"; sourceTree = "<group>"; };
		24CAA69A1CD98CC6005AD776 /* BSNavigationController.h */ = {isa = PBXFileReference; fileEncoding = 4; lastKnownFileType = sourcecode.c.h; path = BSNavigationController.h; sourceTree = "<group>"; };
		24CAA69B1CD98CC6005AD776 /* BSNavigationController.m */ = {isa = PBXFileReference; fileEncoding = 4; lastKnownFileType = sourcecode.c.objc; path = BSNavigationController.m; sourceTree = "<group>"; };
		24CAA69C1CD98CC6005AD776 /* BSTabBarController.h */ = {isa = PBXFileReference; fileEncoding = 4; lastKnownFileType = sourcecode.c.h; path = BSTabBarController.h; sourceTree = "<group>"; };
		24CAA69D1CD98CC6005AD776 /* BSTabBarController.m */ = {isa = PBXFileReference; fileEncoding = 4; lastKnownFileType = sourcecode.c.objc; path = BSTabBarController.m; sourceTree = "<group>"; };
		24CAA6A31CD98CC6005AD776 /* BSTabBar.h */ = {isa = PBXFileReference; fileEncoding = 4; lastKnownFileType = sourcecode.c.h; path = BSTabBar.h; sourceTree = "<group>"; };
		24CAA6A41CD98CC6005AD776 /* BSTabBar.m */ = {isa = PBXFileReference; fileEncoding = 4; lastKnownFileType = sourcecode.c.objc; path = BSTabBar.m; sourceTree = "<group>"; };
		24CFF4411CF54B030005B1D6 /* LBProgressView.h */ = {isa = PBXFileReference; fileEncoding = 4; lastKnownFileType = sourcecode.c.h; path = LBProgressView.h; sourceTree = "<group>"; };
		24CFF4421CF54B030005B1D6 /* LBProgressView.m */ = {isa = PBXFileReference; fileEncoding = 4; lastKnownFileType = sourcecode.c.objc; path = LBProgressView.m; sourceTree = "<group>"; };
		24CFF4441CF5690F0005B1D6 /* BSPictureFullScreenViewController.h */ = {isa = PBXFileReference; fileEncoding = 4; lastKnownFileType = sourcecode.c.h; path = BSPictureFullScreenViewController.h; sourceTree = "<group>"; };
		24CFF4451CF5690F0005B1D6 /* BSPictureFullScreenViewController.m */ = {isa = PBXFileReference; fileEncoding = 4; lastKnownFileType = sourcecode.c.objc; path = BSPictureFullScreenViewController.m; sourceTree = "<group>"; };
		24CFF4461CF5690F0005B1D6 /* BSPictureFullScreenViewController.xib */ = {isa = PBXFileReference; fileEncoding = 4; lastKnownFileType = file.xib; path = BSPictureFullScreenViewController.xib; sourceTree = "<group>"; };
		24DA7B0E1CF176B6004EC3FE /* BSPictureCellView.h */ = {isa = PBXFileReference; fileEncoding = 4; lastKnownFileType = sourcecode.c.h; path = BSPictureCellView.h; sourceTree = "<group>"; };
		24DA7B0F1CF176B6004EC3FE /* BSPictureCellView.m */ = {isa = PBXFileReference; fileEncoding = 4; lastKnownFileType = sourcecode.c.objc; path = BSPictureCellView.m; sourceTree = "<group>"; };
		24DA7B111CF176C5004EC3FE /* BSPictureCellView.xib */ = {isa = PBXFileReference; fileEncoding = 4; lastKnownFileType = file.xib; path = BSPictureCellView.xib; sourceTree = "<group>"; };
		24E0CF4B1CF5DD9900931BC3 /* BSVoiceView.h */ = {isa = PBXFileReference; fileEncoding = 4; lastKnownFileType = sourcecode.c.h; path = BSVoiceView.h; sourceTree = "<group>"; };
		24E0CF4C1CF5DD9900931BC3 /* BSVoiceView.m */ = {isa = PBXFileReference; fileEncoding = 4; lastKnownFileType = sourcecode.c.objc; path = BSVoiceView.m; sourceTree = "<group>"; };
		24E0CF4E1CF5DDAC00931BC3 /* BSVoiceView.xib */ = {isa = PBXFileReference; fileEncoding = 4; lastKnownFileType = file.xib; path = BSVoiceView.xib; sourceTree = "<group>"; };
		24E31CFA1CDCDEC000A42C26 /* BSSettingGuideView.h */ = {isa = PBXFileReference; fileEncoding = 4; lastKnownFileType = sourcecode.c.h; path = BSSettingGuideView.h; sourceTree = "<group>"; };
		24E31CFB1CDCDEC000A42C26 /* BSSettingGuideView.m */ = {isa = PBXFileReference; fileEncoding = 4; lastKnownFileType = sourcecode.c.objc; path = BSSettingGuideView.m; sourceTree = "<group>"; };
		24E31CFD1CDCDF0200A42C26 /* BSSettingGuideView.xib */ = {isa = PBXFileReference; fileEncoding = 4; lastKnownFileType = file.xib; path = BSSettingGuideView.xib; sourceTree = "<group>"; };
		685B7A1BE0098BF7920E4106 /* libPods.a */ = {isa = PBXFileReference; explicitFileType = archive.ar; includeInIndex = 0; path = libPods.a; sourceTree = BUILT_PRODUCTS_DIR; };
		74659E73E4B91EBCDDE3FDC4 /* Pods.release.xcconfig */ = {isa = PBXFileReference; includeInIndex = 1; lastKnownFileType = text.xcconfig; name = Pods.release.xcconfig; path = "Pods/Target Support Files/Pods/Pods.release.xcconfig"; sourceTree = "<group>"; };
		D2C1A27C5786AA18AF22A5E1 /* Pods.debug.xcconfig */ = {isa = PBXFileReference; includeInIndex = 1; lastKnownFileType = text.xcconfig; name = Pods.debug.xcconfig; path = "Pods/Target Support Files/Pods/Pods.debug.xcconfig"; sourceTree = "<group>"; };
/* End PBXFileReference section */

/* Begin PBXFrameworksBuildPhase section */
		244350B41CD986B0008767FB /* Frameworks */ = {
			isa = PBXFrameworksBuildPhase;
			buildActionMask = 2147483647;
			files = (
				01F5DED275DD6B7CEEF8BD5F /* libPods.a in Frameworks */,
			);
			runOnlyForDeploymentPostprocessing = 0;
		};
		244350CD1CD986B0008767FB /* Frameworks */ = {
			isa = PBXFrameworksBuildPhase;
			buildActionMask = 2147483647;
			files = (
			);
			runOnlyForDeploymentPostprocessing = 0;
		};
		244350D81CD986B0008767FB /* Frameworks */ = {
			isa = PBXFrameworksBuildPhase;
			buildActionMask = 2147483647;
			files = (
			);
			runOnlyForDeploymentPostprocessing = 0;
		};
/* End PBXFrameworksBuildPhase section */

/* Begin PBXGroup section */
		244350AE1CD986B0008767FB = {
			isa = PBXGroup;
			children = (
				244350B91CD986B0008767FB /* 仿百思不得姐OC */,
				244350D31CD986B0008767FB /* 仿百思不得姐OCTests */,
				244350DE1CD986B0008767FB /* 仿百思不得姐OCUITests */,
				244350B81CD986B0008767FB /* Products */,
				FB1DD4D82CD58FF06E24EE5F /* Pods */,
				79BA981CC3360AF32ADF969F /* Frameworks */,
			);
			sourceTree = "<group>";
		};
		244350B81CD986B0008767FB /* Products */ = {
			isa = PBXGroup;
			children = (
				244350B71CD986B0008767FB /* 仿百思不得姐OC.app */,
				244350D01CD986B0008767FB /* 仿百思不得姐OCTests.xctest */,
				244350DB1CD986B0008767FB /* 仿百思不得姐OCUITests.xctest */,
			);
			name = Products;
			sourceTree = "<group>";
		};
		244350B91CD986B0008767FB /* 仿百思不得姐OC */ = {
			isa = PBXGroup;
			children = (
				24CAA6741CD98CC6005AD776 /* Classes */,
				244350BA1CD986B0008767FB /* Supporting Files */,
			);
			path = "仿百思不得姐OC";
			sourceTree = "<group>";
		};
		244350BA1CD986B0008767FB /* Supporting Files */ = {
			isa = PBXGroup;
			children = (
				244350C61CD986B0008767FB /* Assets.xcassets */,
				244350CB1CD986B0008767FB /* Info.plist */,
				244350BB1CD986B0008767FB /* main.m */,
			);
			name = "Supporting Files";
			sourceTree = "<group>";
		};
		244350D31CD986B0008767FB /* 仿百思不得姐OCTests */ = {
			isa = PBXGroup;
			children = (
				244350D41CD986B0008767FB /* ______OCTests.m */,
				244350D61CD986B0008767FB /* Info.plist */,
			);
			path = "仿百思不得姐OCTests";
			sourceTree = "<group>";
		};
		244350DE1CD986B0008767FB /* 仿百思不得姐OCUITests */ = {
			isa = PBXGroup;
			children = (
				244350DF1CD986B0008767FB /* ______OCUITests.m */,
				244350E11CD986B1008767FB /* Info.plist */,
			);
			path = "仿百思不得姐OCUITests";
			sourceTree = "<group>";
		};
		24CAA6741CD98CC6005AD776 /* Classes */ = {
			isa = PBXGroup;
			children = (
				245187831CEEEB4B0045D810 /* BSConst.h */,
				245187841CEEEB4B0045D810 /* BSConst.m */,
				244350BD1CD986B0008767FB /* AppDelegate.h */,
				244350BE1CD986B0008767FB /* AppDelegate.m */,
				24CAA6751CD98CC6005AD776 /* Attention-关注 */,
				24CAA6811CD98CC6005AD776 /* Essence-精华 */,
				24CAA6871CD98CC6005AD776 /* Me-我 */,
				24CAA68D1CD98CC6005AD776 /* New-新帖 */,
				24CAA6931CD98CC6005AD776 /* Other-其他 */,
			);
			path = Classes;
			sourceTree = "<group>";
		};
		24CAA6751CD98CC6005AD776 /* Attention-关注 */ = {
			isa = PBXGroup;
			children = (
				24CAA6761CD98CC6005AD776 /* Controller */,
				24CAA67D1CD98CC6005AD776 /* Model */,
				24CAA67E1CD98CC6005AD776 /* View */,
			);
			path = "Attention-关注";
			sourceTree = "<group>";
		};
		24CAA6761CD98CC6005AD776 /* Controller */ = {
			isa = PBXGroup;
			children = (
				24CAA6771CD98CC6005AD776 /* BSAttentionViewController.h */,
				24CAA6781CD98CC6005AD776 /* BSAttentionViewController.m */,
				24CAA6791CD98CC6005AD776 /* BSAttentionViewController.xib */,
				24CAA67A1CD98CC6005AD776 /* BSRecommendViewController.h */,
				24CAA67B1CD98CC6005AD776 /* BSRecommendViewController.m */,
				24CAA67C1CD98CC6005AD776 /* BSRecommendViewController.xib */,
				247F23F11CDB73A2009A6595 /* BSLoginViewController.h */,
				247F23F21CDB73A2009A6595 /* BSLoginViewController.m */,
				247F23F31CDB73A2009A6595 /* BSLoginViewController.xib */,
			);
			path = Controller;
			sourceTree = "<group>";
		};
		24CAA67D1CD98CC6005AD776 /* Model */ = {
			isa = PBXGroup;
			children = (
				24CAA67F1CD98CC6005AD776 /* BSCategoryModel.h */,
				24CAA6801CD98CC6005AD776 /* BSCategoryModel.m */,
			);
			path = Model;
			sourceTree = "<group>";
		};
		24CAA67E1CD98CC6005AD776 /* View */ = {
			isa = PBXGroup;
			children = (
				2448FBE91CD9A13D00E49921 /* BSTitleTableViewCell.h */,
				2448FBEA1CD9A13D00E49921 /* BSTitleTableViewCell.m */,
				2448FBEB1CD9A13D00E49921 /* BSTitleTableViewCell.xib */,
			);
			path = View;
			sourceTree = "<group>";
		};
		24CAA6811CD98CC6005AD776 /* Essence-精华 */ = {
			isa = PBXGroup;
			children = (
				24CAA6821CD98CC6005AD776 /* Controller */,
				24CAA6851CD98CC6005AD776 /* Model */,
				24CAA6861CD98CC6005AD776 /* View */,
			);
			path = "Essence-精华";
			sourceTree = "<group>";
		};
		24CAA6821CD98CC6005AD776 /* Controller */ = {
			isa = PBXGroup;
			children = (
				247197121D06F8540051CE5B /* BSEssenceALLTableController.h */,
				247197131D06F8540051CE5B /* BSEssenceALLTableController.m */,
				24CAA6831CD98CC6005AD776 /* BSEssenceViewController.h */,
				24CAA6841CD98CC6005AD776 /* BSEssenceViewController.m */,
				245187801CEEB0200045D810 /* BSBasicTableViewController.h */,
				245187811CEEB0200045D810 /* BSBasicTableViewController.m */,
				24CFF4441CF5690F0005B1D6 /* BSPictureFullScreenViewController.h */,
				24CFF4451CF5690F0005B1D6 /* BSPictureFullScreenViewController.m */,
				24CFF4461CF5690F0005B1D6 /* BSPictureFullScreenViewController.xib */,
				246BE5741CF94A4000575708 /* BSTextEssenceViewController.h */,
				246BE5751CF94A4000575708 /* BSTextEssenceViewController.m */,
				246BE5761CF94A4000575708 /* BSTextEssenceViewController.xib */,
				246487C91CFC29BB0074B562 /* BSScanQRCodeViewController.h */,
				246487CA1CFC29BB0074B562 /* BSScanQRCodeViewController.m */,
				246487CB1CFC29BB0074B562 /* BSScanQRCodeViewController.xib */,
				249C599E1CFEA13A007A1330 /* BSCommentViewController.h */,
				249C599F1CFEA13A007A1330 /* BSCommentViewController.m */,
				249C59A01CFEA13A007A1330 /* BSCommentViewController.xib */,
			);
			path = Controller;
			sourceTree = "<group>";
		};
		24CAA6851CD98CC6005AD776 /* Model */ = {
			isa = PBXGroup;
			children = (
				243200CA1CEC336400B8D45F /* BSTextDataModel.h */,
				243200CB1CEC336400B8D45F /* BSTextDataModel.m */,
				24569FAF1CFD8F8A0052AB52 /* BSUserModel.h */,
				24569FB01CFD8F8A0052AB52 /* BSUserModel.m */,
				24569FB21CFD927B0052AB52 /* BSCommentModel.h */,
				24569FB31CFD927B0052AB52 /* BSCommentModel.m */,
			);
			path = Model;
			sourceTree = "<group>";
		};
		24CAA6861CD98CC6005AD776 /* View */ = {
			isa = PBXGroup;
			children = (
				2409235C1CED4BAF00863061 /* BSTextTableViewCell.h */,
				2409235D1CED4BAF00863061 /* BSTextTableViewCell.m */,
				2409235E1CED4BAF00863061 /* BSTextTableViewCell.xib */,
				24DA7B0E1CF176B6004EC3FE /* BSPictureCellView.h */,
				24DA7B0F1CF176B6004EC3FE /* BSPictureCellView.m */,
				24DA7B111CF176C5004EC3FE /* BSPictureCellView.xib */,
				24E0CF4B1CF5DD9900931BC3 /* BSVoiceView.h */,
				24E0CF4C1CF5DD9900931BC3 /* BSVoiceView.m */,
				24E0CF4E1CF5DDAC00931BC3 /* BSVoiceView.xib */,
				24047C0C1CF6C75C000C9549 /* BSVedioView.h */,
				24047C0D1CF6C75C000C9549 /* BSVedioView.m */,
				24047C0F1CF6C772000C9549 /* BSVedioView.xib */,
				2436BCEB1D010C3A00104856 /* BSCommentTableViewCell.h */,
				2436BCEC1D010C3A00104856 /* BSCommentTableViewCell.m */,
				2436BCED1D010C3A00104856 /* BSCommentTableViewCell.xib */,
			);
			path = View;
			sourceTree = "<group>";
		};
		24CAA6871CD98CC6005AD776 /* Me-我 */ = {
			isa = PBXGroup;
			children = (
				24CAA6881CD98CC6005AD776 /* Controller */,
				24CAA68B1CD98CC6005AD776 /* Model */,
				24CAA68C1CD98CC6005AD776 /* View */,
			);
			path = "Me-我";
			sourceTree = "<group>";
		};
		24CAA6881CD98CC6005AD776 /* Controller */ = {
			isa = PBXGroup;
			children = (
				24CAA6891CD98CC6005AD776 /* BSMeViewController.h */,
				24CAA68A1CD98CC6005AD776 /* BSMeViewController.m */,
				24AF42151CE865C000839629 /* BSMeWebVViewController.h */,
				24AF42161CE865C000839629 /* BSMeWebVViewController.m */,
				24AF42171CE865C000839629 /* BSMeWebVViewController.xib */,
			);
			path = Controller;
			sourceTree = "<group>";
		};
		24CAA68B1CD98CC6005AD776 /* Model */ = {
			isa = PBXGroup;
			children = (
				2415D02C1CE21BF600A2E55E /* BSMeDataModel.h */,
				2415D02D1CE21BF600A2E55E /* BSMeDataModel.m */,
			);
			path = Model;
			sourceTree = "<group>";
		};
		24CAA68C1CD98CC6005AD776 /* View */ = {
			isa = PBXGroup;
			children = (
				2495CC531CE6EAEC0012BE94 /* LBSquareButton.h */,
				2495CC541CE6EAEC0012BE94 /* LBSquareButton.m */,
				24250BF31CE748D200182957 /* LBTableFooterView.h */,
				24250BF41CE748D200182957 /* LBTableFooterView.m */,
			);
			path = View;
			sourceTree = "<group>";
		};
		24CAA68D1CD98CC6005AD776 /* New-新帖 */ = {
			isa = PBXGroup;
			children = (
				24CAA68E1CD98CC6005AD776 /* Controller */,
				24CAA6911CD98CC6005AD776 /* Model */,
				24CAA6921CD98CC6005AD776 /* View */,
			);
			path = "New-新帖";
			sourceTree = "<group>";
		};
		24CAA68E1CD98CC6005AD776 /* Controller */ = {
			isa = PBXGroup;
			children = (
				24CAA68F1CD98CC6005AD776 /* BSNewViewController.h */,
				24CAA6901CD98CC6005AD776 /* BSNewViewController.m */,
			);
			path = Controller;
			sourceTree = "<group>";
		};
		24CAA6911CD98CC6005AD776 /* Model */ = {
			isa = PBXGroup;
			children = (
			);
			path = Model;
			sourceTree = "<group>";
		};
		24CAA6921CD98CC6005AD776 /* View */ = {
			isa = PBXGroup;
			children = (
			);
			path = View;
			sourceTree = "<group>";
		};
		24CAA6931CD98CC6005AD776 /* Other-其他 */ = {
			isa = PBXGroup;
			children = (
				24CAA6941CD98CC6005AD776 /* Category */,
				24CAA6991CD98CC6005AD776 /* Controller */,
				24CAA69F1CD98CC6005AD776 /* Lib */,
				24CAA6A01CD98CC6005AD776 /* Model */,
				24CAA6A11CD98CC6005AD776 /* Other */,
				24CAA6A21CD98CC6005AD776 /* View */,
			);
			path = "Other-其他";
			sourceTree = "<group>";
		};
		24CAA6941CD98CC6005AD776 /* Category */ = {
			isa = PBXGroup;
			children = (
				24CAA6951CD98CC6005AD776 /* UIBarButtonItem+LBButtonToBarButtonItem.h */,
				24CAA6961CD98CC6005AD776 /* UIBarButtonItem+LBButtonToBarButtonItem.m */,
				24CAA6971CD98CC6005AD776 /* UIView+LBFrameExtension.h */,
				24CAA6981CD98CC6005AD776 /* UIView+LBFrameExtension.m */,
				240923611CEDEC4500863061 /* NSDate+LBDate.h */,
				240923621CEDEC4500863061 /* NSDate+LBDate.m */,
				2471970F1D06F5020051CE5B /* UIImage+BBBImageCategory.h */,
				247197101D06F5020051CE5B /* UIImage+BBBImageCategory.m */,
				247197151D0713EC0051CE5B /* UIImageView+BBBImageViewCategory.h */,
				247197161D0713EC0051CE5B /* UIImageView+BBBImageViewCategory.m */,
			);
			path = Category;
			sourceTree = "<group>";
		};
		24CAA6991CD98CC6005AD776 /* Controller */ = {
			isa = PBXGroup;
			children = (
				24CAA69A1CD98CC6005AD776 /* BSNavigationController.h */,
				24CAA69B1CD98CC6005AD776 /* BSNavigationController.m */,
				24CAA69C1CD98CC6005AD776 /* BSTabBarController.h */,
				24CAA69D1CD98CC6005AD776 /* BSTabBarController.m */,
				240C88451CDF114600CFAE58 /* BSPublishViewController.h */,
				240C88461CDF114600CFAE58 /* BSPublishViewController.m */,
				240C88471CDF114600CFAE58 /* BSPublishViewController.xib */,
			);
			path = Controller;
			sourceTree = "<group>";
		};
		24CAA69F1CD98CC6005AD776 /* Lib */ = {
			isa = PBXGroup;
			children = (
				240C884A1CDF43E500CFAE58 /* LBVerticalButton.h */,
				240C884B1CDF43E500CFAE58 /* LBVerticalButton.m */,
				24CFF4411CF54B030005B1D6 /* LBProgressView.h */,
				24CFF4421CF54B030005B1D6 /* LBProgressView.m */,
				2403C3E51CFBC7FE0020AA2A /* LBPopoverView.h */,
				2403C3E61CFBC7FE0020AA2A /* LBPopoverView.m */,
				24333A911D045FD5003C9C6F /* LBTouchTopWindow.h */,
				24333A921D045FD5003C9C6F /* LBTouchTopWindow.m */,
			);
			path = Lib;
			sourceTree = "<group>";
		};
		24CAA6A01CD98CC6005AD776 /* Model */ = {
			isa = PBXGroup;
			children = (
			);
			path = Model;
			sourceTree = "<group>";
		};
		24CAA6A11CD98CC6005AD776 /* Other */ = {
			isa = PBXGroup;
			children = (
				2448FBE71CD99B5E00E49921 /* Foundation+Log.m */,
			);
			path = Other;
			sourceTree = "<group>";
		};
		24CAA6A21CD98CC6005AD776 /* View */ = {
			isa = PBXGroup;
			children = (
				24CAA6A31CD98CC6005AD776 /* BSTabBar.h */,
				24CAA6A41CD98CC6005AD776 /* BSTabBar.m */,
				24E31CFA1CDCDEC000A42C26 /* BSSettingGuideView.h */,
				24E31CFB1CDCDEC000A42C26 /* BSSettingGuideView.m */,
				24E31CFD1CDCDF0200A42C26 /* BSSettingGuideView.xib */,
			);
			path = View;
			sourceTree = "<group>";
		};
		79BA981CC3360AF32ADF969F /* Frameworks */ = {
			isa = PBXGroup;
			children = (
				685B7A1BE0098BF7920E4106 /* libPods.a */,
			);
			name = Frameworks;
			sourceTree = "<group>";
		};
		FB1DD4D82CD58FF06E24EE5F /* Pods */ = {
			isa = PBXGroup;
			children = (
				D2C1A27C5786AA18AF22A5E1 /* Pods.debug.xcconfig */,
				74659E73E4B91EBCDDE3FDC4 /* Pods.release.xcconfig */,
			);
			name = Pods;
			sourceTree = "<group>";
		};
/* End PBXGroup section */

/* Begin PBXNativeTarget section */
		244350B61CD986B0008767FB /* 仿百思不得姐OC */ = {
			isa = PBXNativeTarget;
			buildConfigurationList = 244350E41CD986B1008767FB /* Build configuration list for PBXNativeTarget "仿百思不得姐OC" */;
			buildPhases = (
				7D3E3102DC9DBE892BE6EA57 /* Check Pods Manifest.lock */,
				244350B31CD986B0008767FB /* Sources */,
				244350B41CD986B0008767FB /* Frameworks */,
				244350B51CD986B0008767FB /* Resources */,
				D8685355424FFD753E5A7962 /* Embed Pods Frameworks */,
				4A0A790C4F3E0D20C729A239 /* Copy Pods Resources */,
			);
			buildRules = (
			);
			dependencies = (
			);
			name = "仿百思不得姐OC";
			productName = "仿百思不得姐OC";
			productReference = 244350B71CD986B0008767FB /* 仿百思不得姐OC.app */;
			productType = "com.apple.product-type.application";
		};
		244350CF1CD986B0008767FB /* 仿百思不得姐OCTests */ = {
			isa = PBXNativeTarget;
			buildConfigurationList = 244350E71CD986B1008767FB /* Build configuration list for PBXNativeTarget "仿百思不得姐OCTests" */;
			buildPhases = (
				244350CC1CD986B0008767FB /* Sources */,
				244350CD1CD986B0008767FB /* Frameworks */,
				244350CE1CD986B0008767FB /* Resources */,
			);
			buildRules = (
			);
			dependencies = (
				244350D21CD986B0008767FB /* PBXTargetDependency */,
			);
			name = "仿百思不得姐OCTests";
			productName = "仿百思不得姐OCTests";
			productReference = 244350D01CD986B0008767FB /* 仿百思不得姐OCTests.xctest */;
			productType = "com.apple.product-type.bundle.unit-test";
		};
		244350DA1CD986B0008767FB /* 仿百思不得姐OCUITests */ = {
			isa = PBXNativeTarget;
			buildConfigurationList = 244350EA1CD986B1008767FB /* Build configuration list for PBXNativeTarget "仿百思不得姐OCUITests" */;
			buildPhases = (
				244350D71CD986B0008767FB /* Sources */,
				244350D81CD986B0008767FB /* Frameworks */,
				244350D91CD986B0008767FB /* Resources */,
			);
			buildRules = (
			);
			dependencies = (
				244350DD1CD986B0008767FB /* PBXTargetDependency */,
			);
			name = "仿百思不得姐OCUITests";
			productName = "仿百思不得姐OCUITests";
			productReference = 244350DB1CD986B0008767FB /* 仿百思不得姐OCUITests.xctest */;
			productType = "com.apple.product-type.bundle.ui-testing";
		};
/* End PBXNativeTarget section */

/* Begin PBXProject section */
		244350AF1CD986B0008767FB /* Project object */ = {
			isa = PBXProject;
			attributes = {
				CLASSPREFIX = BS;
				LastUpgradeCheck = 0730;
				ORGANIZATIONNAME = LinBin;
				TargetAttributes = {
					244350B61CD986B0008767FB = {
						CreatedOnToolsVersion = 7.3.1;
						DevelopmentTeam = K427376N27;
					};
					244350CF1CD986B0008767FB = {
						CreatedOnToolsVersion = 7.3.1;
						DevelopmentTeam = K427376N27;
						TestTargetID = 244350B61CD986B0008767FB;
					};
					244350DA1CD986B0008767FB = {
						CreatedOnToolsVersion = 7.3.1;
						DevelopmentTeam = K427376N27;
						TestTargetID = 244350B61CD986B0008767FB;
					};
				};
			};
			buildConfigurationList = 244350B21CD986B0008767FB /* Build configuration list for PBXProject "仿百思不得姐OC" */;
			compatibilityVersion = "Xcode 3.2";
			developmentRegion = English;
			hasScannedForEncodings = 0;
			knownRegions = (
				en,
				Base,
			);
			mainGroup = 244350AE1CD986B0008767FB;
			productRefGroup = 244350B81CD986B0008767FB /* Products */;
			projectDirPath = "";
			projectRoot = "";
			targets = (
				244350B61CD986B0008767FB /* 仿百思不得姐OC */,
				244350CF1CD986B0008767FB /* 仿百思不得姐OCTests */,
				244350DA1CD986B0008767FB /* 仿百思不得姐OCUITests */,
			);
		};
/* End PBXProject section */

/* Begin PBXResourcesBuildPhase section */
		244350B51CD986B0008767FB /* Resources */ = {
			isa = PBXResourcesBuildPhase;
			buildActionMask = 2147483647;
			files = (
				24DA7B121CF176C5004EC3FE /* BSPictureCellView.xib in Resources */,
				247F23F51CDB73A2009A6595 /* BSLoginViewController.xib in Resources */,
				24E0CF4F1CF5DDAC00931BC3 /* BSVoiceView.xib in Resources */,
				249C59A21CFEA13A007A1330 /* BSCommentViewController.xib in Resources */,
				240C88491CDF114600CFAE58 /* BSPublishViewController.xib in Resources */,
				24CAA6A61CD98CC6005AD776 /* BSAttentionViewController.xib in Resources */,
				24CAA6A81CD98CC6005AD776 /* BSRecommendViewController.xib in Resources */,
				2436BCEF1D010C3A00104856 /* BSCommentTableViewCell.xib in Resources */,
				246487CD1CFC29BB0074B562 /* BSScanQRCodeViewController.xib in Resources */,
				244350C71CD986B0008767FB /* Assets.xcassets in Resources */,
				246BE5781CF94A4000575708 /* BSTextEssenceViewController.xib in Resources */,
				24AF42191CE865C000839629 /* BSMeWebVViewController.xib in Resources */,
				240923601CED4BAF00863061 /* BSTextTableViewCell.xib in Resources */,
				2448FBED1CD9A13D00E49921 /* BSTitleTableViewCell.xib in Resources */,
				24047C101CF6C772000C9549 /* BSVedioView.xib in Resources */,
				24E31CFE1CDCDF0200A42C26 /* BSSettingGuideView.xib in Resources */,
				24CFF4481CF5690F0005B1D6 /* BSPictureFullScreenViewController.xib in Resources */,
			);
			runOnlyForDeploymentPostprocessing = 0;
		};
		244350CE1CD986B0008767FB /* Resources */ = {
			isa = PBXResourcesBuildPhase;
			buildActionMask = 2147483647;
			files = (
			);
			runOnlyForDeploymentPostprocessing = 0;
		};
		244350D91CD986B0008767FB /* Resources */ = {
			isa = PBXResourcesBuildPhase;
			buildActionMask = 2147483647;
			files = (
			);
			runOnlyForDeploymentPostprocessing = 0;
		};
/* End PBXResourcesBuildPhase section */

/* Begin PBXShellScriptBuildPhase section */
		4A0A790C4F3E0D20C729A239 /* Copy Pods Resources */ = {
			isa = PBXShellScriptBuildPhase;
			buildActionMask = 2147483647;
			files = (
			);
			inputPaths = (
			);
			name = "Copy Pods Resources";
			outputPaths = (
			);
			runOnlyForDeploymentPostprocessing = 0;
			shellPath = /bin/sh;
			shellScript = "\"${SRCROOT}/Pods/Target Support Files/Pods/Pods-resources.sh\"\n";
			showEnvVarsInLog = 0;
		};
		7D3E3102DC9DBE892BE6EA57 /* Check Pods Manifest.lock */ = {
			isa = PBXShellScriptBuildPhase;
			buildActionMask = 2147483647;
			files = (
			);
			inputPaths = (
			);
			name = "Check Pods Manifest.lock";
			outputPaths = (
			);
			runOnlyForDeploymentPostprocessing = 0;
			shellPath = /bin/sh;
			shellScript = "diff \"${PODS_ROOT}/../Podfile.lock\" \"${PODS_ROOT}/Manifest.lock\" > /dev/null\nif [[ $? != 0 ]] ; then\n    cat << EOM\nerror: The sandbox is not in sync with the Podfile.lock. Run 'pod install' or update your CocoaPods installation.\nEOM\n    exit 1\nfi\n";
			showEnvVarsInLog = 0;
		};
		D8685355424FFD753E5A7962 /* Embed Pods Frameworks */ = {
			isa = PBXShellScriptBuildPhase;
			buildActionMask = 2147483647;
			files = (
			);
			inputPaths = (
			);
			name = "Embed Pods Frameworks";
			outputPaths = (
			);
			runOnlyForDeploymentPostprocessing = 0;
			shellPath = /bin/sh;
			shellScript = "\"${SRCROOT}/Pods/Target Support Files/Pods/Pods-frameworks.sh\"\n";
			showEnvVarsInLog = 0;
		};
/* End PBXShellScriptBuildPhase section */

/* Begin PBXSourcesBuildPhase section */
		244350B31CD986B0008767FB /* Sources */ = {
			isa = PBXSourcesBuildPhase;
			buildActionMask = 2147483647;
			files = (
				2415D02E1CE21BF600A2E55E /* BSMeDataModel.m in Sources */,
				24569FB11CFD8F8A0052AB52 /* BSUserModel.m in Sources */,
				240C88481CDF114600CFAE58 /* BSPublishViewController.m in Sources */,
				249C59A11CFEA13A007A1330 /* BSCommentViewController.m in Sources */,
				24CAA6A91CD98CC6005AD776 /* BSCategoryModel.m in Sources */,
				24E0CF4D1CF5DD9900931BC3 /* BSVoiceView.m in Sources */,
				2448FBE81CD99B5E00E49921 /* Foundation+Log.m in Sources */,
				24CAA6A71CD98CC6005AD776 /* BSRecommendViewController.m in Sources */,
				24CAA6AF1CD98CC6005AD776 /* BSNavigationController.m in Sources */,
				24047C0E1CF6C75C000C9549 /* BSVedioView.m in Sources */,
				24CAA6AB1CD98CC6005AD776 /* BSMeViewController.m in Sources */,
				24E31CFC1CDCDEC000A42C26 /* BSSettingGuideView.m in Sources */,
				24569FB41CFD927B0052AB52 /* BSCommentModel.m in Sources */,
				2409235F1CED4BAF00863061 /* BSTextTableViewCell.m in Sources */,
				24CFF4471CF5690F0005B1D6 /* BSPictureFullScreenViewController.m in Sources */,
				24CAA6B21CD98CC6005AD776 /* BSTabBar.m in Sources */,
				246487CC1CFC29BB0074B562 /* BSScanQRCodeViewController.m in Sources */,
				24CAA6AA1CD98CC6005AD776 /* BSEssenceViewController.m in Sources */,
				2403C3E71CFBC7FE0020AA2A /* LBPopoverView.m in Sources */,
				24CAA6A51CD98CC6005AD776 /* BSAttentionViewController.m in Sources */,
				24CAA6AD1CD98CC6005AD776 /* UIBarButtonItem+LBButtonToBarButtonItem.m in Sources */,
				24CAA6AE1CD98CC6005AD776 /* UIView+LBFrameExtension.m in Sources */,
				246BE5771CF94A4000575708 /* BSTextEssenceViewController.m in Sources */,
				24333A931D045FD5003C9C6F /* LBTouchTopWindow.m in Sources */,
				24CAA6B01CD98CC6005AD776 /* BSTabBarController.m in Sources */,
				245187821CEEB0200045D810 /* BSBasicTableViewController.m in Sources */,
				243200CC1CEC336400B8D45F /* BSTextDataModel.m in Sources */,
				2448FBEC1CD9A13D00E49921 /* BSTitleTableViewCell.m in Sources */,
				2495CC551CE6EAEC0012BE94 /* LBSquareButton.m in Sources */,
				24250BF51CE748D200182957 /* LBTableFooterView.m in Sources */,
				240923631CEDEC4500863061 /* NSDate+LBDate.m in Sources */,
				247197141D06F8540051CE5B /* BSEssenceALLTableController.m in Sources */,
				244350BF1CD986B0008767FB /* AppDelegate.m in Sources */,
				24CAA6AC1CD98CC6005AD776 /* BSNewViewController.m in Sources */,
				245187851CEEEB4B0045D810 /* BSConst.m in Sources */,
				240C884C1CDF43E500CFAE58 /* LBVerticalButton.m in Sources */,
				24CFF4431CF54B030005B1D6 /* LBProgressView.m in Sources */,
				24AF42181CE865C000839629 /* BSMeWebVViewController.m in Sources */,
				247197171D0713EC0051CE5B /* UIImageView+BBBImageViewCategory.m in Sources */,
				2436BCEE1D010C3A00104856 /* BSCommentTableViewCell.m in Sources */,
				247197111D06F5020051CE5B /* UIImage+BBBImageCategory.m in Sources */,
				244350BC1CD986B0008767FB /* main.m in Sources */,
				24DA7B101CF176B6004EC3FE /* BSPictureCellView.m in Sources */,
				247F23F41CDB73A2009A6595 /* BSLoginViewController.m in Sources */,
			);
			runOnlyForDeploymentPostprocessing = 0;
		};
		244350CC1CD986B0008767FB /* Sources */ = {
			isa = PBXSourcesBuildPhase;
			buildActionMask = 2147483647;
			files = (
				244350D51CD986B0008767FB /* ______OCTests.m in Sources */,
			);
			runOnlyForDeploymentPostprocessing = 0;
		};
		244350D71CD986B0008767FB /* Sources */ = {
			isa = PBXSourcesBuildPhase;
			buildActionMask = 2147483647;
			files = (
				244350E01CD986B0008767FB /* ______OCUITests.m in Sources */,
			);
			runOnlyForDeploymentPostprocessing = 0;
		};
/* End PBXSourcesBuildPhase section */

/* Begin PBXTargetDependency section */
		244350D21CD986B0008767FB /* PBXTargetDependency */ = {
			isa = PBXTargetDependency;
			target = 244350B61CD986B0008767FB /* 仿百思不得姐OC */;
			targetProxy = 244350D11CD986B0008767FB /* PBXContainerItemProxy */;
		};
		244350DD1CD986B0008767FB /* PBXTargetDependency */ = {
			isa = PBXTargetDependency;
			target = 244350B61CD986B0008767FB /* 仿百思不得姐OC */;
			targetProxy = 244350DC1CD986B0008767FB /* PBXContainerItemProxy */;
		};
/* End PBXTargetDependency section */

/* Begin XCBuildConfiguration section */
		244350E21CD986B1008767FB /* Debug */ = {
			isa = XCBuildConfiguration;
			buildSettings = {
				ALWAYS_SEARCH_USER_PATHS = NO;
				CLANG_ANALYZER_NONNULL = YES;
				CLANG_CXX_LANGUAGE_STANDARD = "gnu++0x";
				CLANG_CXX_LIBRARY = "libc++";
				CLANG_ENABLE_MODULES = YES;
				CLANG_ENABLE_OBJC_ARC = YES;
				CLANG_WARN_BOOL_CONVERSION = YES;
				CLANG_WARN_CONSTANT_CONVERSION = YES;
				CLANG_WARN_DIRECT_OBJC_ISA_USAGE = YES_ERROR;
				CLANG_WARN_EMPTY_BODY = YES;
				CLANG_WARN_ENUM_CONVERSION = YES;
				CLANG_WARN_INT_CONVERSION = YES;
				CLANG_WARN_OBJC_ROOT_CLASS = YES_ERROR;
				CLANG_WARN_UNREACHABLE_CODE = YES;
				CLANG_WARN__DUPLICATE_METHOD_MATCH = YES;
				"CODE_SIGN_IDENTITY[sdk=iphoneos*]" = "iPhone Developer";
				COPY_PHASE_STRIP = NO;
				DEBUG_INFORMATION_FORMAT = dwarf;
				ENABLE_STRICT_OBJC_MSGSEND = YES;
				ENABLE_TESTABILITY = YES;
				GCC_C_LANGUAGE_STANDARD = gnu99;
				GCC_DYNAMIC_NO_PIC = NO;
				GCC_NO_COMMON_BLOCKS = YES;
				GCC_OPTIMIZATION_LEVEL = 0;
				GCC_PREPROCESSOR_DEFINITIONS = (
					"DEBUG=1",
					"$(inherited)",
				);
				GCC_WARN_64_TO_32_BIT_CONVERSION = YES;
				GCC_WARN_ABOUT_RETURN_TYPE = YES_ERROR;
				GCC_WARN_UNDECLARED_SELECTOR = YES;
				GCC_WARN_UNINITIALIZED_AUTOS = YES_AGGRESSIVE;
				GCC_WARN_UNUSED_FUNCTION = YES;
				GCC_WARN_UNUSED_VARIABLE = YES;
				IPHONEOS_DEPLOYMENT_TARGET = 9.3;
				MTL_ENABLE_DEBUG_INFO = YES;
				ONLY_ACTIVE_ARCH = YES;
				SDKROOT = iphoneos;
			};
			name = Debug;
		};
		244350E31CD986B1008767FB /* Release */ = {
			isa = XCBuildConfiguration;
			buildSettings = {
				ALWAYS_SEARCH_USER_PATHS = NO;
				CLANG_ANALYZER_NONNULL = YES;
				CLANG_CXX_LANGUAGE_STANDARD = "gnu++0x";
				CLANG_CXX_LIBRARY = "libc++";
				CLANG_ENABLE_MODULES = YES;
				CLANG_ENABLE_OBJC_ARC = YES;
				CLANG_WARN_BOOL_CONVERSION = YES;
				CLANG_WARN_CONSTANT_CONVERSION = YES;
				CLANG_WARN_DIRECT_OBJC_ISA_USAGE = YES_ERROR;
				CLANG_WARN_EMPTY_BODY = YES;
				CLANG_WARN_ENUM_CONVERSION = YES;
				CLANG_WARN_INT_CONVERSION = YES;
				CLANG_WARN_OBJC_ROOT_CLASS = YES_ERROR;
				CLANG_WARN_UNREACHABLE_CODE = YES;
				CLANG_WARN__DUPLICATE_METHOD_MATCH = YES;
				"CODE_SIGN_IDENTITY[sdk=iphoneos*]" = "iPhone Developer";
				COPY_PHASE_STRIP = NO;
				DEBUG_INFORMATION_FORMAT = "dwarf-with-dsym";
				ENABLE_NS_ASSERTIONS = NO;
				ENABLE_STRICT_OBJC_MSGSEND = YES;
				GCC_C_LANGUAGE_STANDARD = gnu99;
				GCC_NO_COMMON_BLOCKS = YES;
				GCC_WARN_64_TO_32_BIT_CONVERSION = YES;
				GCC_WARN_ABOUT_RETURN_TYPE = YES_ERROR;
				GCC_WARN_UNDECLARED_SELECTOR = YES;
				GCC_WARN_UNINITIALIZED_AUTOS = YES_AGGRESSIVE;
				GCC_WARN_UNUSED_FUNCTION = YES;
				GCC_WARN_UNUSED_VARIABLE = YES;
				IPHONEOS_DEPLOYMENT_TARGET = 9.3;
				MTL_ENABLE_DEBUG_INFO = NO;
				SDKROOT = iphoneos;
				VALIDATE_PRODUCT = YES;
			};
			name = Release;
		};
		244350E51CD986B1008767FB /* Debug */ = {
			isa = XCBuildConfiguration;
			baseConfigurationReference = D2C1A27C5786AA18AF22A5E1 /* Pods.debug.xcconfig */;
			buildSettings = {
				ASSETCATALOG_COMPILER_APPICON_NAME = AppIcon;
				ASSETCATALOG_COMPILER_LAUNCHIMAGE_NAME = "Brand Assets";
				CLANG_ENABLE_OBJC_WEAK = NO;
				CODE_SIGN_IDENTITY = "iPhone Developer";
				INFOPLIST_FILE = "仿百思不得姐OC/Info.plist";
				IPHONEOS_DEPLOYMENT_TARGET = 9.3;
				LD_RUNPATH_SEARCH_PATHS = "$(inherited) @executable_path/Frameworks";
				PRODUCT_BUNDLE_IDENTIFIER = "LB.------OC";
				PRODUCT_NAME = "$(TARGET_NAME)";
			};
			name = Debug;
		};
		244350E61CD986B1008767FB /* Release */ = {
			isa = XCBuildConfiguration;
			baseConfigurationReference = 74659E73E4B91EBCDDE3FDC4 /* Pods.release.xcconfig */;
			buildSettings = {
				ASSETCATALOG_COMPILER_APPICON_NAME = AppIcon;
				ASSETCATALOG_COMPILER_LAUNCHIMAGE_NAME = "Brand Assets";
				CLANG_ENABLE_OBJC_WEAK = NO;
				CODE_SIGN_IDENTITY = "iPhone Developer";
				INFOPLIST_FILE = "仿百思不得姐OC/Info.plist";
				IPHONEOS_DEPLOYMENT_TARGET = 9.3;
				LD_RUNPATH_SEARCH_PATHS = "$(inherited) @executable_path/Frameworks";
				PRODUCT_BUNDLE_IDENTIFIER = "LB.------OC";
				PRODUCT_NAME = "$(TARGET_NAME)";
			};
			name = Release;
		};
		244350E81CD986B1008767FB /* Debug */ = {
			isa = XCBuildConfiguration;
			buildSettings = {
				BUNDLE_LOADER = "$(TEST_HOST)";
				INFOPLIST_FILE = "仿百思不得姐OCTests/Info.plist";
				LD_RUNPATH_SEARCH_PATHS = "$(inherited) @executable_path/Frameworks @loader_path/Frameworks";
				PRODUCT_BUNDLE_IDENTIFIER = "LB.------OCTests";
				PRODUCT_NAME = "$(TARGET_NAME)";
				TEST_HOST = "$(BUILT_PRODUCTS_DIR)/仿百思不得姐OC.app/仿百思不得姐OC";
			};
			name = Debug;
		};
		244350E91CD986B1008767FB /* Release */ = {
			isa = XCBuildConfiguration;
			buildSettings = {
				BUNDLE_LOADER = "$(TEST_HOST)";
				INFOPLIST_FILE = "仿百思不得姐OCTests/Info.plist";
				LD_RUNPATH_SEARCH_PATHS = "$(inherited) @executable_path/Frameworks @loader_path/Frameworks";
				PRODUCT_BUNDLE_IDENTIFIER = "LB.------OCTests";
				PRODUCT_NAME = "$(TARGET_NAME)";
				TEST_HOST = "$(BUILT_PRODUCTS_DIR)/仿百思不得姐OC.app/仿百思不得姐OC";
			};
			name = Release;
		};
		244350EB1CD986B1008767FB /* Debug */ = {
			isa = XCBuildConfiguration;
			buildSettings = {
				INFOPLIST_FILE = "仿百思不得姐OCUITests/Info.plist";
				LD_RUNPATH_SEARCH_PATHS = "$(inherited) @executable_path/Frameworks @loader_path/Frameworks";
				PRODUCT_BUNDLE_IDENTIFIER = "LB.------OCUITests";
				PRODUCT_NAME = "$(TARGET_NAME)";
				TEST_TARGET_NAME = "仿百思不得姐OC";
			};
			name = Debug;
		};
		244350EC1CD986B1008767FB /* Release */ = {
			isa = XCBuildConfiguration;
			buildSettings = {
				INFOPLIST_FILE = "仿百思不得姐OCUITests/Info.plist";
				LD_RUNPATH_SEARCH_PATHS = "$(inherited) @executable_path/Frameworks @loader_path/Frameworks";
				PRODUCT_BUNDLE_IDENTIFIER = "LB.------OCUITests";
				PRODUCT_NAME = "$(TARGET_NAME)";
				TEST_TARGET_NAME = "仿百思不得姐OC";
			};
			name = Release;
		};
/* End XCBuildConfiguration section */

/* Begin XCConfigurationList section */
		244350B21CD986B0008767FB /* Build configuration list for PBXProject "仿百思不得姐OC" */ = {
			isa = XCConfigurationList;
			buildConfigurations = (
				244350E21CD986B1008767FB /* Debug */,
				244350E31CD986B1008767FB /* Release */,
			);
			defaultConfigurationIsVisible = 0;
			defaultConfigurationName = Release;
		};
		244350E41CD986B1008767FB /* Build configuration list for PBXNativeTarget "仿百思不得姐OC" */ = {
			isa = XCConfigurationList;
			buildConfigurations = (
				244350E51CD986B1008767FB /* Debug */,
				244350E61CD986B1008767FB /* Release */,
			);
			defaultConfigurationIsVisible = 0;
			defaultConfigurationName = Release;
		};
		244350E71CD986B1008767FB /* Build configuration list for PBXNativeTarget "仿百思不得姐OCTests" */ = {
			isa = XCConfigurationList;
			buildConfigurations = (
				244350E81CD986B1008767FB /* Debug */,
				244350E91CD986B1008767FB /* Release */,
			);
			defaultConfigurationIsVisible = 0;
			defaultConfigurationName = Release;
		};
		244350EA1CD986B1008767FB /* Build configuration list for PBXNativeTarget "仿百思不得姐OCUITests" */ = {
			isa = XCConfigurationList;
			buildConfigurations = (
				244350EB1CD986B1008767FB /* Debug */,
				244350EC1CD986B1008767FB /* Release */,
			);
			defaultConfigurationIsVisible = 0;
			defaultConfigurationName = Release;
		};
/* End XCConfigurationList section */
	};
	rootObject = 244350AF1CD986B0008767FB /* Project object */;
}
